# This file is generated by running "yarn install" inside your project.
# Manual changes might be lost - proceed with caution!

__metadata:
  version: 7
  cacheKey: 9

"@cspotcode/source-map-support@npm:^0.8.0":
  version: 0.8.1
  resolution: "@cspotcode/source-map-support@npm:0.8.1"
  dependencies:
    "@jridgewell/trace-mapping": "npm:0.3.9"
  checksum: 4327d8e6e4347897f5baf265c43ff094260a3ad7b53920fa07472aa18699ba7d570e5171082e88d19e4b5cce6f35cc1666b1c8ccb8b74d67e4f482395b8c511d
  languageName: node
  linkType: hard

"@jridgewell/resolve-uri@npm:^3.0.3":
  version: 3.1.1
  resolution: "@jridgewell/resolve-uri@npm:3.1.1"
  checksum: b3229d85678a8546e48580decab7666678ab7e1c470576e72bd07910b862642f700c802ff99c0166982fc7f6ad3571c0ce59901be38297b595c0c813cf79e9ce
  languageName: node
  linkType: hard

"@jridgewell/sourcemap-codec@npm:^1.4.10":
  version: 1.4.15
  resolution: "@jridgewell/sourcemap-codec@npm:1.4.15"
  checksum: b71b5eeb0af50fb1dbdf18e88aa5cf755baa30723f0d5fd2ac069f861d0c73b12b968321314e4db86d5a4d5d89a292211f68ba94767c620fee35247a94c05890
  languageName: node
  linkType: hard

"@jridgewell/trace-mapping@npm:0.3.9":
  version: 0.3.9
  resolution: "@jridgewell/trace-mapping@npm:0.3.9"
  dependencies:
    "@jridgewell/resolve-uri": "npm:^3.0.3"
    "@jridgewell/sourcemap-codec": "npm:^1.4.10"
  checksum: 542c5f0f0ae874121e9de649581f9619cc0c65e33292e1285f1233f5ff3e41e6f4f216d69a4c3f800b4d6db208ff6c710307e19e1ff170ed5304807e346e6cf9
  languageName: node
  linkType: hard

"@ltd/j-toml@npm:^1.38.0":
  version: 1.38.0
  resolution: "@ltd/j-toml@npm:1.38.0"
  checksum: 495468ee6fdb56c459293a135f8813c51625d5040f3c12805918fb39b64b55b1f339b2bd0e09ff501f3be78df9d8f3c397a1e898b6b4343f34768f354ccb9460
  languageName: node
  linkType: hard

"@tsconfig/node10@npm:^1.0.7":
  version: 1.0.9
  resolution: "@tsconfig/node10@npm:1.0.9"
  checksum: 6ec0cadbcd7942f64b5d00c4b19ff783410a5f1511c1feefa8e99b5df1e57776c4f2ce058870c9d982a4ca460051dbd2a5e57d11989aab40f6c68e98c92b6d14
  languageName: node
  linkType: hard

"@tsconfig/node12@npm:^1.0.7":
  version: 1.0.11
  resolution: "@tsconfig/node12@npm:1.0.11"
  checksum: 2ba331a89b6778df0fb49ab0ba3e809c0a0d5ca3d9f898ba4a0a276043616b6047aec5dd4a5d1ae9a09ff267bcddbbc96d968857e6690583fd474a58c25c2e1c
  languageName: node
  linkType: hard

"@tsconfig/node14@npm:^1.0.0":
  version: 1.0.3
  resolution: "@tsconfig/node14@npm:1.0.3"
  checksum: 8d04150cdfbe5b89be095586bfa35415800b694f9955274df16b1017e1cef9697467185b3f7c64ed588a7e8d48ff6f4cc3125c8265b5e3d4f757884dcc6facbc
  languageName: node
  linkType: hard

"@tsconfig/node16@npm:^1.0.2":
  version: 1.0.4
  resolution: "@tsconfig/node16@npm:1.0.4"
  checksum: d75e4f7d3edd74305383430d1fc9fd9bdf9af7fb2387853e6c06660a5325da6bce90846b853f5c69ec70b4e34de9ab05d508c9dc11c95a28ebbb000fc52b963b
  languageName: node
  linkType: hard

"@types/bluebird@npm:^3":
  version: 3.5.38
  resolution: "@types/bluebird@npm:3.5.38"
  checksum: e1348775debf878309f3540dd8a01457b8e4c43a48cf277831b34db45d8f86583e91bd1ff0b90c4dd9b097ff84a289d8d24be9df744f028dab9a915fe405cfe5
  languageName: node
  linkType: hard

"@types/lodash-es@npm:^4":
  version: 4.17.7
  resolution: "@types/lodash-es@npm:4.17.7"
  dependencies:
    "@types/lodash": "npm:*"
  checksum: 4dfde517db4cfc7b25b5a20a0851244c0ca4aebbdae272eebe77a3f3388eae6a4f47d7850cca712e0256c033a30bfebd366948b4286743e20e2c862c7c3830ad
  languageName: node
  linkType: hard

"@types/lodash@npm:*, @types/lodash@npm:^4":
  version: 4.14.194
  resolution: "@types/lodash@npm:4.14.194"
  checksum: 64473e6735e51c3f8be18ef907a086f5a9c967117270c573d2b8fdc012b067c4de016a7b030abd6170aa5370f5ecbada19e646c82d9feb7403a080d53cfc86f3
  languageName: node
  linkType: hard

"@types/node@npm:^18":
  version: 18.16.12
  resolution: "@types/node@npm:18.16.12"
  checksum: f4d16b046fe2c946c03a3d48f6b00c52976cf282c55a6b6ca0ca90dadf647c8153ad6f5a0cc6ce2c28e5f58c9403e8fb4415ef5313dbde8ee633017f2914b779
  languageName: node
  linkType: hard

"@types/turndown@npm:^5.0.1":
  version: 5.0.1
  resolution: "@types/turndown@npm:5.0.1"
  checksum: c4756231d07aaabbb6d9717a2c8c54565506596dea8971bd2c38033cc1741cb64ab6ce3db918790cfefcdbabb8327f50427deb6c3f7c1ac88ee3c76653ea7cda
  languageName: node
  linkType: hard

"acorn-walk@npm:^8.1.1":
  version: 8.2.0
  resolution: "acorn-walk@npm:8.2.0"
  checksum: 389d3f19998ac0924a590485a6502b72059e3ab67cc820477c2c40cca06b6c50bb8d424bfbb8fe97955eb489b88cb5dc7ee6979fcf9321dce7eb451ba3456d3d
  languageName: node
  linkType: hard

"acorn@npm:^8.4.1":
  version: 8.8.2
  resolution: "acorn@npm:8.8.2"
  bin:
    acorn: bin/acorn
  checksum: 5a47325f0aa08202080cb167d5b8103720d8a1d199f57988afa48bdfbc3c9973270b00e38c2c874240a49929625beaaae8c4ec683f5272b5f07f1119a457e5d0
  languageName: node
  linkType: hard

"arg@npm:^4.1.0":
  version: 4.1.3
  resolution: "arg@npm:4.1.3"
  checksum: a60e3881540ab44af1058bf3c9bdbcdd45a82cb930299ae875e609b60b44435410d152b26d55816e8ef2cf1096cfa39271f5b1bd3dd931355f3f24f043dc7ca5
  languageName: node
  linkType: hard

"argparse@npm:^1.0.7":
  version: 1.0.10
  resolution: "argparse@npm:1.0.10"
  dependencies:
    sprintf-js: "npm:~1.0.2"
  checksum: 6112e287a501a4badb8451c3b84420daa75dc4e1ac55d7ce086a492b2cf7d55f2fc0473acb62fc6af2d8013cf255d5d24734c10b4c2c6e440731644f8845c96b
  languageName: node
  linkType: hard

"bf-repo-tools@workspace:.":
  version: 0.0.0-use.local
  resolution: "bf-repo-tools@workspace:."
  dependencies:
    "@ltd/j-toml": "npm:^1.38.0"
    "@types/bluebird": "npm:^3"
    "@types/lodash": "npm:^4"
    "@types/lodash-es": "npm:^4"
    "@types/node": "npm:^18"
    "@types/turndown": "npm:^5.0.1"
    bluebird: "npm:^3.7.2"
    commander: "npm:^10.0.1"
    dotenv: "npm:^16.0.3"
    gray-matter: "npm:^4.0.3"
    json2toml: "npm:^4.0.1"
    knex: "npm:^2.4.2"
    lodash: "npm:^4.17.21"
    lodash-es: "npm:^4.17.21"
    mysql2: "npm:^3.3.1"
    slugify: "npm:^1.6.6"
    smol-toml: "npm:^1.0.1"
    ts-node: "npm:^10.9.1"
    turndown: "npm:^7.1.2"
    typescript: "npm:^5.0.4"
  bin:
    bf: ./dist/index.js
  languageName: unknown
  linkType: soft

"bluebird@npm:^3.7.2":
  version: 3.7.2
  resolution: "bluebird@npm:3.7.2"
  checksum: 42df9603102ffbb71c0bc66056a66dce510ba136ab746fb2f783daa71843f14b6f22c2897cb224b556cc5546b9a524c224f6b1505e074310273a5ee5b222e072
  languageName: node
  linkType: hard

"colorette@npm:2.0.19":
  version: 2.0.19
  resolution: "colorette@npm:2.0.19"
  checksum: f887e4f7608a1a37037f0b9f7da4d1608e2e1ac0126b87c4c143ff0348bc586173b86fde37f71f1b7742cd1c04285d0cb3cbeab391935886c86a162f4f2b5b87
  languageName: node
  linkType: hard

"commander@npm:^10.0.1":
  version: 10.0.1
  resolution: "commander@npm:10.0.1"
  checksum: b2a03d799104eac407ca031b94126c98198594fcff41554eb253cef748de57fb1a4cdd591baa075de589f2fddf1f968d1ecd1b79e8b47570ee441ab4f3363776
  languageName: node
  linkType: hard

"commander@npm:^9.1.0":
  version: 9.5.0
  resolution: "commander@npm:9.5.0"
  checksum: 1d09146ccb60400550629bcded4b72eeb100728207ecb2538dd827b19571dc16d3b0ee5da762d9bdbbe680ed5cca6658cac5bfce262b1b73eabe5ef8c15cdd9d
  languageName: node
  linkType: hard

"create-require@npm:^1.1.0":
  version: 1.1.1
  resolution: "create-require@npm:1.1.1"
  checksum: 9db2a6d1a6e69929e4b18045910289a17543f9f07ba4d6027e9c3fdc4c985998cd4b6738a45675ab870287483832332d5aa75a1612c87230149d1fba568ae86a
  languageName: node
  linkType: hard

"debug@npm:4.3.4":
  version: 4.3.4
  resolution: "debug@npm:4.3.4"
  dependencies:
    ms: "npm:2.1.2"
  peerDependenciesMeta:
    supports-color:
      optional: true
  checksum: ab50d98b6f2a0e803379e8f789017f4215efd0e085774623e462c691e9f99bfd359a35f7424ff401da3ea58b31f89ceebc9ea35779b4a94f78b0ee3e235b6640
  languageName: node
  linkType: hard

"denque@npm:^2.1.0":
  version: 2.1.0
  resolution: "denque@npm:2.1.0"
  checksum: 7e1c278144b7c5047ff46783edf7d736193644abbdea1c788e1b686b402b7669fcf417e168c9a9ccd8a346ff0d1e1b15696177e2b231fd1af66ee03c072b4066
  languageName: node
  linkType: hard

"diff@npm:^4.0.1":
  version: 4.0.2
  resolution: "diff@npm:4.0.2"
  checksum: 1b445113c0727e15646a058b2794df63366bd1e32abf078990b78c2a355fe72e4e3c8de3399f2c5d67f06cd461acdebd91b5f71cb2cd02f7300bdb926a3cd6e2
  languageName: node
  linkType: hard

"domino@npm:^2.1.6":
  version: 2.1.6
  resolution: "domino@npm:2.1.6"
  checksum: d73be69fb5cdc3d54decd3977a26292b2ab895b3a93f2e27ba63897ecb8cbf23fe4b89213c906fbde567fe13efae68683c99d3ef7ccfa3f786d2b93d1062baee
  languageName: node
  linkType: hard

"dotenv@npm:^16.0.3":
  version: 16.0.3
  resolution: "dotenv@npm:16.0.3"
  checksum: abce82d99b45e2ebbd42625a78cadbfafe03072c15e6538b6a3a7ed204b6e091c0de929dd09231edc61f78afbdcd5b8a2f21b9e933e8ab27d75bee865a0e58c9
  languageName: node
  linkType: hard

"escalade@npm:^3.1.1":
  version: 3.1.1
  resolution: "escalade@npm:3.1.1"
  checksum: 37f3535f99193a5ff755af30866bb55828aff044bdc14e1844d0965470ba87ef686761fbbf2cea02955f1bb8510f72c3308e7dbe2d794fa85058a33bf60ea372
  languageName: node
  linkType: hard

"esm@npm:^3.2.25":
  version: 3.2.25
  resolution: "esm@npm:3.2.25"
  checksum: b67822bd9ce08a63a6a44634e4449f27bb87bde1787a4d9fee6387e7aea8a43900e74641d857e65e5b3013174d8f7fa8301b8b7ca33a38f8b89246d4b718bc5b
  languageName: node
  linkType: hard

"esprima@npm:^4.0.0":
  version: 4.0.1
  resolution: "esprima@npm:4.0.1"
  bin:
    esparse: ./bin/esparse.js
    esvalidate: ./bin/esvalidate.js
  checksum: 08b3015538b1f7f087a4ea49b5a3d8ff9590ecf7eb43511182c9198cfe168a5cc1736c2ae33263c79cfbe9e984c1880ee971b64ad96e7c84db74488e6ee93c1b
  languageName: node
  linkType: hard

"extend-shallow@npm:^2.0.1":
  version: 2.0.1
  resolution: "extend-shallow@npm:2.0.1"
  dependencies:
    is-extendable: "npm:^0.1.0"
  checksum: 55d1d466474b90d00dda6926144f41c349ca7d4d1194cdb3d37e9a662a9767cf8f62a9ff659ef0aacd30a35ee98ab801c3a411a438a5d54b275acbd4ee4fedb6
  languageName: node
  linkType: hard

"function-bind@npm:^1.1.1":
  version: 1.1.1
  resolution: "function-bind@npm:1.1.1"
  checksum: 8a644b8118679030cb3aeb783b024a9ee358b15c5780bdb49fe5d482f6df54672bda860e19bce87d756a5e165740caaa96f5e8487fa98933c327f631e23a5490
  languageName: node
  linkType: hard

"generate-function@npm:^2.3.1":
  version: 2.3.1
  resolution: "generate-function@npm:2.3.1"
  dependencies:
    is-property: "npm:^1.0.2"
  checksum: 4a20296d4657429d61af3aa6c21cf760811afc6796e337b3c3fcda18dd0abf323ce60c2f6fa7104a4b907ba7ac5b2ca026e6382fdf2dc56fee93bcd642d8a129
  languageName: node
  linkType: hard

"get-package-type@npm:^0.1.0":
  version: 0.1.0
  resolution: "get-package-type@npm:0.1.0"
  checksum: 44a5c78d70a8527c3e8c5c6abb8f1a4ca2bb760bf6f1ff4d40d413a483ec21db6fa2a45ef53e8beeff8d97d87a35efdeccf4327f51b20b141e058417f6f41485
  languageName: node
  linkType: hard

"getopts@npm:2.3.0":
  version: 2.3.0
  resolution: "getopts@npm:2.3.0"
  checksum: e3e91ae899af5763d86d45e39cd2e41911374c313b602b2600a031be497af2f2635f7a99418d3c0bf2690d3ce1ed4fbf1293e6dc97b5eac0342639485cf44b6b
  languageName: node
  linkType: hard

"gray-matter@npm:^4.0.3":
  version: 4.0.3
  resolution: "gray-matter@npm:4.0.3"
  dependencies:
    js-yaml: "npm:^3.13.1"
    kind-of: "npm:^6.0.2"
    section-matter: "npm:^1.0.0"
    strip-bom-string: "npm:^1.0.0"
  checksum: a1554a503d24b5a846a7da2ff855d7515b7d2fe25e4eb6973b88c92f5f973a04774c302e2320b57e291f682af1eaa547d871cc1f1134520fa91a2d9e17a6bfe1
  languageName: node
  linkType: hard

"has@npm:^1.0.3":
  version: 1.0.3
  resolution: "has@npm:1.0.3"
  dependencies:
    function-bind: "npm:^1.1.1"
  checksum: 3e8c4d87ccd9c160d61a5db829b5fb647acac79e482476c857d5d1dc580517c6a77cf84337808f28361f6263008ce1ce5aff44407bd9241af93c623ef8d8d4f1
  languageName: node
  linkType: hard

"iconv-lite@npm:^0.6.3":
  version: 0.6.3
  resolution: "iconv-lite@npm:0.6.3"
  dependencies:
    safer-buffer: "npm:>= 2.1.2 < 3.0.0"
  checksum: 14633c984e398011b4cce3d453e6566e4cc1b58f257e6fc48ae39c25a158b926e6cd7ee6023cd84aff12952a7581bd10bd4e7954af802dd5678e83b4cb8fdbba
  languageName: node
  linkType: hard

"interpret@npm:^2.2.0":
  version: 2.2.0
  resolution: "interpret@npm:2.2.0"
  checksum: 1451c590e83ef48d423df24f0ecb303fad014a748957e607d7e215bcfe24e5f5ba8c3eb7a006bbff74cb3952fc1be3925ab4f925e4a166edb799ba247db2b88e
  languageName: node
  linkType: hard

"is-core-module@npm:^2.12.0":
  version: 2.12.1
  resolution: "is-core-module@npm:2.12.1"
  dependencies:
    has: "npm:^1.0.3"
  checksum: ad50fa9887d64a912837625b54df9489005180d829128c5d979355a969e80e65f772a54ac29e8f25a18a2ad2c6b45115deffb32a3e0c2d5b16ee7ad292066b5a
  languageName: node
  linkType: hard

"is-extendable@npm:^0.1.0":
  version: 0.1.1
  resolution: "is-extendable@npm:0.1.1"
  checksum: ffa5a697b932aeb992b4471674489fd07c223034e0d8ed4b7ef70a7daab850aaccc09519e40d02a36b98b30f978f38697e53cb32e3d4bc3c3d6af229c47a1822
  languageName: node
  linkType: hard

"is-property@npm:^1.0.2":
  version: 1.0.2
  resolution: "is-property@npm:1.0.2"
  checksum: d2d099f943bf2fe66c6ab4a6c61b17ebec945560818043706a0a492d847417518230ad0b91ee2e7a0a82c2f8d1570f0f9932e7851c6c56db7dadef2277044bc9
  languageName: node
  linkType: hard

"js-yaml@npm:^3.13.1":
  version: 3.14.1
  resolution: "js-yaml@npm:3.14.1"
  dependencies:
    argparse: "npm:^1.0.7"
    esprima: "npm:^4.0.0"
  bin:
    js-yaml: bin/js-yaml.js
  checksum: 1e0e655c5f9917215112c31302061f425cfd33af0d617e30bb043951226b25f582bcf460b197491966ba1452a98f38bc38accc910b416b9783aa1df99af38df2
  languageName: node
  linkType: hard

"json2toml@npm:^4.0.1":
  version: 4.0.1
  resolution: "json2toml@npm:4.0.1"
  dependencies:
    lodash.isdate: "npm:^4.0.1"
    lodash.isempty: "npm:^4.4.0"
    lodash.isplainobject: "npm:^4.0.6"
    strftime: "npm:^0.10.1"
  checksum: 425c3661627f1ed6560ed7a5055804b8a968f2a3ec48fcabbc646b5e487bb5c8ce878994251bf0f1c7c597f5585aa433f55fb1c9334b136e97f1e18718e8a7d4
  languageName: node
  linkType: hard

"kind-of@npm:^6.0.0, kind-of@npm:^6.0.2":
  version: 6.0.3
  resolution: "kind-of@npm:6.0.3"
  checksum: 4adceee06111de8a2d02e7b542c957caad38f2d54c522da0387f4735804bf1819b2ccd918c8d1c8a73276caf9d728fc8276b53e142d23879c4728a6edcbdf722
  languageName: node
  linkType: hard

"knex@npm:^2.4.2":
  version: 2.4.2
  resolution: "knex@npm:2.4.2"
  dependencies:
    colorette: "npm:2.0.19"
    commander: "npm:^9.1.0"
    debug: "npm:4.3.4"
    escalade: "npm:^3.1.1"
    esm: "npm:^3.2.25"
    get-package-type: "npm:^0.1.0"
    getopts: "npm:2.3.0"
    interpret: "npm:^2.2.0"
    lodash: "npm:^4.17.21"
    pg-connection-string: "npm:2.5.0"
    rechoir: "npm:^0.8.0"
    resolve-from: "npm:^5.0.0"
    tarn: "npm:^3.0.2"
    tildify: "npm:2.0.0"
  peerDependenciesMeta:
    better-sqlite3:
      optional: true
    mysql:
      optional: true
    mysql2:
      optional: true
    pg:
      optional: true
    pg-native:
      optional: true
    sqlite3:
      optional: true
    tedious:
      optional: true
  bin:
    knex: bin/cli.js
  checksum: 930b245dacc9352654b94ccfd7013c698fa845e27a790ea6821eaa177c80e9258772f6ff8751c84569ff58e539d1e732dedb3e45f8eebd68498a5ca0450d4865
  languageName: node
  linkType: hard

"lodash-es@npm:^4.17.21":
  version: 4.17.21
  resolution: "lodash-es@npm:4.17.21"
  checksum: d1c3ee94118daeeee47c630ab5f91e94cc4e41ebe2452d837edbe599e853eb2d4be7edf82b4fe62f9fc74f27a8ed7f82fdbd9d301d0acef88f00941db64c4843
  languageName: node
  linkType: hard

"lodash.isdate@npm:^4.0.1":
  version: 4.0.1
  resolution: "lodash.isdate@npm:4.0.1"
  checksum: cd115d259af957592b80e6d0d62e5f814343644f95d6bc7e2b4914371012ca03d584c5c2a7af282cb670aab0e100479efe391efb6602c993722af1c1a6828b14
  languageName: node
  linkType: hard

"lodash.isempty@npm:^4.4.0":
  version: 4.4.0
  resolution: "lodash.isempty@npm:4.4.0"
  checksum: 1e935055029117b05b9a0f4f16b89c69f6b8d668d939c0fd09d172cc598ef83343f457438c1e85683a705a532a0360bb695201124db1f468d8d2809cccae87ce
  languageName: node
  linkType: hard

"lodash.isplainobject@npm:^4.0.6":
  version: 4.0.6
  resolution: "lodash.isplainobject@npm:4.0.6"
  checksum: fd98cdf396efd994340f99a968553f6d37ca5a0e6bcf1e6cbe5953c1ef2ad04dca0503d6979f38938aad0d865940fdfddda85cbc365850d114187afac29f8d04
  languageName: node
  linkType: hard

"lodash@npm:^4.17.21":
  version: 4.17.21
  resolution: "lodash@npm:4.17.21"
  checksum: 3ac18e92108d68f88429fcddee609e42cf2b653583d9bac22308815a4cd6b185b89a0ad0d9b0c670c371d9d6b61571a98fee6b36e1db14e52766ca253ed9cba0
  languageName: node
  linkType: hard

"long@npm:^5.2.1":
  version: 5.2.3
  resolution: "long@npm:5.2.3"
  checksum: 2f9db2d025e291fbd02e23a955cd00f18c263e82147df6dca302b1a1cd45f3851d31aef3a381373428185046ee700556af150145149bccfd74b7b87f683c66f1
  languageName: node
  linkType: hard

"lru-cache@npm:^7.14.1":
  version: 7.18.3
  resolution: "lru-cache@npm:7.18.3"
  checksum: 884c7cb51963cc45bc0d864c704d141c904c93db1bbc236be0eed759e35fc44b5e794a34b0666e193926e5a4320b66e787b1cf531f4f89ed8514a97156f07cb1
  languageName: node
  linkType: hard

"lru-cache@npm:^8.0.0":
  version: 8.0.5
  resolution: "lru-cache@npm:8.0.5"
  checksum: ae744fd7be60e3a312dc181b22e22b093d2cae0574c7e6ccbe42fd9b7318ed8dab193f14307fa95c4c1fa2edf58b58f0554b0ed27fb550d655ee1f420247e482
  languageName: node
  linkType: hard

"make-error@npm:^1.1.1":
  version: 1.3.6
  resolution: "make-error@npm:1.3.6"
  checksum: 4b81ce1392495d554ce5fd28c8de95066642e5e1a5efd395e3b3413bc75068a025d8a567aefb0738ba6da18e73323ffde17794780f632fe4395e009aa9ebcc8a
  languageName: node
  linkType: hard

"ms@npm:2.1.2":
  version: 2.1.2
  resolution: "ms@npm:2.1.2"
  checksum: 3f46af60a08158f1c77746c06c2f6c7aba7feddafd41335f9baa2d7e0741d7539774aa7d5d1661a7f2b7eed55a7063771297eea016051924dbb04d4c2bf40bcb
  languageName: node
  linkType: hard

"mysql2@npm:^3.3.1":
  version: 3.3.1
  resolution: "mysql2@npm:3.3.1"
  dependencies:
    denque: "npm:^2.1.0"
    generate-function: "npm:^2.3.1"
    iconv-lite: "npm:^0.6.3"
    long: "npm:^5.2.1"
    lru-cache: "npm:^8.0.0"
    named-placeholders: "npm:^1.1.3"
    seq-queue: "npm:^0.0.5"
    sqlstring: "npm:^2.3.2"
  checksum: 0e1bca6f7f4c95f4e4ea7218a2674362c25193239c2cec898a3483482b92e2eb67af6e26c1b862b14eb36d884958b61a1a5821f457b52fa4ed79333115cfe83c
  languageName: node
  linkType: hard

"named-placeholders@npm:^1.1.3":
  version: 1.1.3
  resolution: "named-placeholders@npm:1.1.3"
  dependencies:
    lru-cache: "npm:^7.14.1"
  checksum: 1cd77eb10c4b2cc9b9d0a9d014542df5cda61118e682cffccc896769f74cf17f46225205d868be6a7c4aad7ae92ede7f1d435a76314f1a1c07618ff29fe7a9d5
  languageName: node
  linkType: hard

"path-parse@npm:^1.0.7":
  version: 1.0.7
  resolution: "path-parse@npm:1.0.7"
  checksum: ca291d7bced407e20480b686d7ef4f9dd112ef00d6f109faa50bbefe8ff9dd51e164781fa0670c7b5d67a88610008e83e594f8294ec809c1b7203c6577ca3777
  languageName: node
  linkType: hard

"pg-connection-string@npm:2.5.0":
  version: 2.5.0
  resolution: "pg-connection-string@npm:2.5.0"
  checksum: 3a751060f9517ccc1484b42439cfd4ef758273a0954d41d71e15b5a671845ab4706b82de1a9181f2f858369ec362638f741dbea415c85d530845b634e10f1069
  languageName: node
  linkType: hard

"rechoir@npm:^0.8.0":
  version: 0.8.0
  resolution: "rechoir@npm:0.8.0"
  dependencies:
    resolve: "npm:^1.20.0"
  checksum: 474f0e7813c90ae5d26a6d107700e215f888fe103705d4d6c99cac0606300f50494bc243725b373c45ba29ad693acf7315c3b432494796d2ead4b81fed996758
  languageName: node
  linkType: hard

"resolve-from@npm:^5.0.0":
  version: 5.0.0
  resolution: "resolve-from@npm:5.0.0"
  checksum: cd5ec3748259b61f31e2fbb93ffaa7348f269e581ab2016f64fe843037d0f928ad537dbeff9eef4419a9a26ff604a2c3e014bb330d875dc85fa9a3d97665f883
  languageName: node
  linkType: hard

"resolve@npm:^1.20.0":
  version: 1.22.3
  resolution: "resolve@npm:1.22.3"
  dependencies:
    is-core-module: "npm:^2.12.0"
    path-parse: "npm:^1.0.7"
    supports-preserve-symlinks-flag: "npm:^1.0.0"
  bin:
    resolve: bin/resolve
  checksum: bf0ce0162ee1b5a2dfe29e982b67fb0867911972ffba9a6903bb2c0c11e6c8eb7db7de5344645f84df7f9ba2a19438d373ddddf3a3125ececba719fccd40dd18
  languageName: node
  linkType: hard

"resolve@patch:resolve@npm%3A^1.20.0#optional!builtin<compat/resolve>":
  version: 1.22.3
  resolution: "resolve@patch:resolve@npm%3A1.22.3#optional!builtin<compat/resolve>::version=1.22.3&hash=c3c19d"
  dependencies:
    is-core-module: "npm:^2.12.0"
    path-parse: "npm:^1.0.7"
    supports-preserve-symlinks-flag: "npm:^1.0.0"
  bin:
    resolve: bin/resolve
  checksum: 9b982fd1fdbcca23f58d4d97df35bf1182eaccad96df6d8bbc4e9006616c382a10d7617e039a540cc86291e5247ddbb7cda9cceb1fd35688b03b03864b5d4360
  languageName: node
  linkType: hard

"safer-buffer@npm:>= 2.1.2 < 3.0.0":
  version: 2.1.2
  resolution: "safer-buffer@npm:2.1.2"
  checksum: d4199666e9e792968c0b88c2c35dd400f56d3eecb9affbcf5207922822eadf30cc06995bae3c5d0a653851bbd40fc0af578bf046bbf734199ce22433ba4da659
  languageName: node
  linkType: hard

"section-matter@npm:^1.0.0":
  version: 1.0.0
  resolution: "section-matter@npm:1.0.0"
  dependencies:
    extend-shallow: "npm:^2.0.1"
    kind-of: "npm:^6.0.0"
  checksum: f01cd260a8602110ee5149e4f0a2f02b5d333c710e7b65b86987b67c43a5b4c30ef7e37f21a6a56671c82a135de2306a29e6e3cc19861463fea50234af3ab830
  languageName: node
  linkType: hard

"seq-queue@npm:^0.0.5":
  version: 0.0.5
  resolution: "seq-queue@npm:0.0.5"
  checksum: 4372b7e17d5665b5ce733916c39b2dc4f81a8dfbb4d419d265655b0a67116df06ed3ff985c760417712cefb00d33e1efdb357d77816cd5d03ec9993a75548f58
  languageName: node
  linkType: hard

"slugify@npm:^1.6.6":
  version: 1.6.6
  resolution: "slugify@npm:1.6.6"
  checksum: 75edf982b93b8f14e8ac9af79a38d4b32ec1038e96bc403c50b290bbc7302f97be98b694b1153eb1dd40db39053fe54a89cc74795dc5b63f7592caf35c84126e
  languageName: node
  linkType: hard

"smol-toml@npm:^1.0.1":
  version: 1.0.1
  resolution: "smol-toml@npm:1.0.1"
  checksum: d6969a945ef56430404f346e4dd7e535ac85f2639562de56c962c55ffd07c194a74b0507750950dcb3d791131427007cbabdf0d646e6002320452bc8ab729f68
  languageName: node
  linkType: hard

"sprintf-js@npm:~1.0.2":
  version: 1.0.3
  resolution: "sprintf-js@npm:1.0.3"
  checksum: 3e0738f581ab5582868689318a4987ea532cdf220266c1af6fdc5a5091f5c4e758fe3fed9125ac82ed91119ec2cbe0762c0e069b59b929bf70e8bbbf879e56e5
  languageName: node
  linkType: hard

"sqlstring@npm:^2.3.2":
  version: 2.3.3
  resolution: "sqlstring@npm:2.3.3"
  checksum: c00b961066322b86eb1f26066331f959c880bed1217fb86476478d0bf5f4fb98183734aea94e482f89d39afc70df1d39636c2ef81b5bca1279e36ceea83712bd
  languageName: node
  linkType: hard

"strftime@npm:^0.10.1":
  version: 0.10.1
  resolution: "strftime@npm:0.10.1"
  checksum: caa17855747d029bdcb9ada5e2f828aee752491e25f256e27be67a5b5f282c0ef269941e8bc29ebbd00b87b72abe07f8dd49da39a75665c06ab6b598fa96df85
  languageName: node
  linkType: hard

"strip-bom-string@npm:^1.0.0":
  version: 1.0.0
  resolution: "strip-bom-string@npm:1.0.0"
  checksum: 244fa2f92dfd1c7798c07acbdd80c85bd1a1c422d96fadc41bdf87e57e7259520475b51e3630437170e440a15d91b4a4c2da7f0857448cabcf1923e876324926
  languageName: node
  linkType: hard

"supports-preserve-symlinks-flag@npm:^1.0.0":
  version: 1.0.0
  resolution: "supports-preserve-symlinks-flag@npm:1.0.0"
  checksum: 14609489b044de2eaffe0e7549173bb39d6997510ac4b7279d07bf2aafe309205abe172a8c8d248062a24e32ab61a2ae85efc5b4cdf7f932c7cdbe81ca1f39ec
  languageName: node
  linkType: hard

"tarn@npm:^3.0.2":
  version: 3.0.2
  resolution: "tarn@npm:3.0.2"
  checksum: 237adb62995ac72d3fb32dd01db537804eafe6ce1484a605a1dd24463e7c0e4d47fa6b8421bb1216f91d5ee6b0871b501499fa2df996bf94dfe80f8492e97aad
  languageName: node
  linkType: hard

"tildify@npm:2.0.0":
  version: 2.0.0
  resolution: "tildify@npm:2.0.0"
  checksum: 4365ed63a4bdb3aff484c119317dce5859b3270cf9b4acb09e922876ec1b9f7187868688adcf4aa5f83694786934a59b74f331d80cc9434c7895adc4c5fe760d
  languageName: node
  linkType: hard

"ts-node@npm:^10.9.1":
  version: 10.9.1
  resolution: "ts-node@npm:10.9.1"
  dependencies:
    "@cspotcode/source-map-support": "npm:^0.8.0"
    "@tsconfig/node10": "npm:^1.0.7"
    "@tsconfig/node12": "npm:^1.0.7"
    "@tsconfig/node14": "npm:^1.0.0"
    "@tsconfig/node16": "npm:^1.0.2"
    acorn: "npm:^8.4.1"
    acorn-walk: "npm:^8.1.1"
    arg: "npm:^4.1.0"
    create-require: "npm:^1.1.0"
    diff: "npm:^4.0.1"
    make-error: "npm:^1.1.1"
    v8-compile-cache-lib: "npm:^3.0.1"
    yn: "npm:3.1.1"
  peerDependencies:
    "@swc/core": ">=1.2.50"
    "@swc/wasm": ">=1.2.50"
    "@types/node": "*"
    typescript: ">=2.7"
  peerDependenciesMeta:
    "@swc/core":
      optional: true
    "@swc/wasm":
      optional: true
  bin:
    ts-node: dist/bin.js
    ts-node-cwd: dist/bin-cwd.js
    ts-node-esm: dist/bin-esm.js
    ts-node-script: dist/bin-script.js
    ts-node-transpile-only: dist/bin-transpile.js
    ts-script: dist/bin-script-deprecated.js
  checksum: c4caff4b9bb7a3a44adbb64a38786ce4203c2ebceb8b5373b504d0826cf047f9f23105767a3e130e2f4078629f592a8332cfd8ee1061b57b7d159de49c7d8f6f
  languageName: node
  linkType: hard

"turndown@npm:^7.1.2":
  version: 7.1.2
  resolution: "turndown@npm:7.1.2"
  dependencies:
    domino: "npm:^2.1.6"
  checksum: d8e878fb58a051f65024782d9f08de92d3ba29eb5e584bae295c1ad8fd0dad7f670b74deeccf74b8ae139343b747b33fd1d8498e03329a5da6060fe1fdc7e497
  languageName: node
  linkType: hard

"typescript@npm:^5.0.4":
  version: 5.0.4
  resolution: "typescript@npm:5.0.4"
  bin:
    tsc: bin/tsc
    tsserver: bin/tsserver
  checksum: 56649de784c427e8f3f63d4ebfcada4fcf03bb2a301f3327342111798db7f26f8a86285f979f376cf6cec4774bd96b4650f2693a07fc409f4544ad4c4d9fe4c9
  languageName: node
  linkType: hard

"typescript@patch:typescript@npm%3A^5.0.4#optional!builtin<compat/typescript>":
  version: 5.0.4
  resolution: "typescript@patch:typescript@npm%3A5.0.4#optional!builtin<compat/typescript>::version=5.0.4&hash=b5f058"
  bin:
    tsc: bin/tsc
    tsserver: bin/tsserver
  checksum: e4296a207d18264eb9b17a912b0929c4e8be5a4e48aefa016e952eaa445e5a4ed363a72d9023f151dc7f100d48d4bfa35480aec199f123a664ef8a622355ae4f
  languageName: node
  linkType: hard

"v8-compile-cache-lib@npm:^3.0.1":
  version: 3.0.1
  resolution: "v8-compile-cache-lib@npm:3.0.1"
  checksum: 0ebe342e7f20816fd5d323affd77f60ea65810ef60beecafbb06397870b18b3d6cb76412721e23603f603fcf5b1f3b37e2844adf15e9b708dbd6404f01884b23
  languageName: node
  linkType: hard

"yn@npm:3.1.1":
  version: 3.1.1
  resolution: "yn@npm:3.1.1"
  checksum: 890a9ce10f1f6691316f521444dcdc2d012dbfba423ec2252444dab5888def4ee48751304e51302c6d14197a1e9407256153a357c955bff1d659df592cfda456
  languageName: node
  linkType: hard
